<?xml version="1.0" encoding="utf-8"?>
<Project ToolsVersion="17.0" xmlns="http://schemas.microsoft.com/developer/msbuild/2003">
  <ItemGroup>
    <ClCompile Include="E:\Yandex.Disk\YandexDisk\programming\cocos2dx\testgame3\Classes\AppDelegate.cpp">
      <Filter>Source Files\Classes</Filter>
    </ClCompile>
    <ClCompile Include="E:\Yandex.Disk\YandexDisk\programming\cocos2dx\testgame3\Classes\HelloWorldScene.cpp">
      <Filter>Source Files\Classes</Filter>
    </ClCompile>
    <ClCompile Include="E:\Yandex.Disk\YandexDisk\programming\cocos2dx\testgame3\proj.win32\main.cpp">
      <Filter>Source Files\proj.win32</Filter>
    </ClCompile>
    <ClCompile Include="E:\Yandex.Disk\YandexDisk\programming\cocos2dx\testgame3\cocos2d\cocos\precheader.cpp">
      <Filter>Source Files</Filter>
    </ClCompile>
  </ItemGroup>
  <ItemGroup>
    <ClInclude Include="E:\Yandex.Disk\YandexDisk\programming\cocos2dx\testgame3\Classes\AppDelegate.h">
      <Filter>Source Files\Classes</Filter>
    </ClInclude>
    <ClInclude Include="E:\Yandex.Disk\YandexDisk\programming\cocos2dx\testgame3\Classes\HelloWorldScene.h">
      <Filter>Source Files\Classes</Filter>
    </ClInclude>
    <ClInclude Include="E:\Yandex.Disk\YandexDisk\programming\cocos2dx\testgame3\Classes\CustomVector.h">
      <Filter>Source Files\Classes</Filter>
    </ClInclude>
    <ClInclude Include="E:\Yandex.Disk\YandexDisk\programming\cocos2dx\testgame3\proj.win32\main.h">
      <Filter>Source Files\proj.win32</Filter>
    </ClInclude>
    <ClInclude Include="E:\Yandex.Disk\YandexDisk\programming\cocos2dx\testgame3\proj.win32\resource.h">
      <Filter>Source Files\proj.win32</Filter>
    </ClInclude>
    <ClInclude Include="E:\Yandex.Disk\YandexDisk\programming\cocos2dx\testgame3\Resources\CloseNormal.png">
      <Filter>Resources</Filter>
    </ClInclude>
    <ClInclude Include="E:\Yandex.Disk\YandexDisk\programming\cocos2dx\testgame3\Resources\CloseSelected.png">
      <Filter>Resources</Filter>
    </ClInclude>
    <ClInclude Include="E:\Yandex.Disk\YandexDisk\programming\cocos2dx\testgame3\Resources\HelloWorld.png">
      <Filter>Resources</Filter>
    </ClInclude>
    <ClInclude Include="E:\Yandex.Disk\YandexDisk\programming\cocos2dx\testgame3\Resources\file.txt">
      <Filter>Resources</Filter>
    </ClInclude>
    <ClInclude Include="E:\Yandex.Disk\YandexDisk\programming\cocos2dx\testgame3\Resources\fonts\Marker Felt.ttf">
      <Filter>Resources\fonts</Filter>
    </ClInclude>
    <ClInclude Include="E:\Yandex.Disk\YandexDisk\programming\cocos2dx\testgame3\Resources\fonts\arial.ttf">
      <Filter>Resources\fonts</Filter>
    </ClInclude>
    <ClInclude Include="E:\Yandex.Disk\YandexDisk\programming\cocos2dx\testgame3\Resources\res\.gitkeep">
      <Filter>Resources\res</Filter>
    </ClInclude>
  </ItemGroup>
  <ItemGroup>
    <CustomBuild Include="E:\Yandex.Disk\YandexDisk\programming\cocos2dx\testgame3\CMakeLists.txt" />
  </ItemGroup>
  <ItemGroup>
    <ResourceCompile Include="E:\Yandex.Disk\YandexDisk\programming\cocos2dx\testgame3\proj.win32\game.rc">
      <Filter>Source Files\proj.win32</Filter>
    </ResourceCompile>
  </ItemGroup>
  <ItemGroup>
    <Filter Include="Resources">
      <UniqueIdentifier>{8C80ACF8-4A40-379D-8FA0-4BC5D234309E}</UniqueIdentifier>
    </Filter>
    <Filter Include="Resources\fonts">
      <UniqueIdentifier>{F8262700-0A81-3489-A0BF-F0CAD60F884C}</UniqueIdentifier>
    </Filter>
    <Filter Include="Resources\res">
      <UniqueIdentifier>{2DD8F1A3-5911-364D-A5BE-C76D14E0EDC9}</UniqueIdentifier>
    </Filter>
    <Filter Include="Source Files">
      <UniqueIdentifier>{BF75B0E5-CBB9-3810-BD4D-DC33D20F968D}</UniqueIdentifier>
    </Filter>
    <Filter Include="Source Files\Classes">
      <UniqueIdentifier>{DA781EE0-8221-3DAC-9761-3E74348878D3}</UniqueIdentifier>
    </Filter>
    <Filter Include="Source Files\proj.win32">
      <UniqueIdentifier>{F04AAA35-4651-3505-ACD2-C78B39893832}</UniqueIdentifier>
    </Filter>
  </ItemGroup>
</Project>
